
Microsoft Visual Studio Solution File, Format Version 12.00
# Visual Studio Version 17
VisualStudioVersion = 17.9.34616.47
MinimumVisualStudioVersion = 10.0.40219.1
Project("{8BC9CEB8-8B4A-11D0-8D11-00A0C91BC942}") = "BinarySearchTree_0144", "BinarySearchTree_0144\BinarySearchTree_0144.vcxproj", "{46589EB4-575E-48A5-BD7D-3582A777BBB3}"
EndProject
Global
	GlobalSection(SolutionConfigurationPlatforms) = preSolution
		Debug|x64 = Debug|x64
		Debug|x86 = Debug|x86
		Release|x64 = Release|x64
		Release|x86 = Release|x86
	EndGlobalSection
	GlobalSection(ProjectConfigurationPlatforms) = postSolution
		{46589EB4-575E-48A5-BD7D-3582A777BBB3}.Debug|x64.ActiveCfg = Debug|x64
		{46589EB4-575E-48A5-BD7D-3582A777BBB3}.Debug|x64.Build.0 = Debug|x64
		{46589EB4-575E-48A5-BD7D-3582A777BBB3}.Debug|x86.ActiveCfg = Debug|Win32
		{46589EB4-575E-48A5-BD7D-3582A777BBB3}.Debug|x86.Build.0 = Debug|Win32
		{46589EB4-575E-48A5-BD7D-3582A777BBB3}.Release|x64.ActiveCfg = Release|x64
		{46589EB4-575E-48A5-BD7D-3582A777BBB3}.Release|x64.Build.0 = Release|x64
		{46589EB4-575E-48A5-BD7D-3582A777BBB3}.Release|x86.ActiveCfg = Release|Win32
		{46589EB4-575E-48A5-BD7D-3582A777BBB3}.Release|x86.Build.0 = Release|Win32
	EndGlobalSection
	GlobalSection(SolutionProperties) = preSolution
		HideSolutionNode = FALSE
	EndGlobalSection
	GlobalSection(ExtensibilityGlobals) = postSolution
		SolutionGuid = {68359E00-4D59-4345-9D4C-1DEAB3835AB3}
	EndGlobalSection
EndGlobal
